// !$*UTF8*$!
{
	archiveVersion = 1;
	classes = {
	};
	objectVersion = 50;
	objects = {

/* Begin PBXBuildFile section */
		A558593620E53D94004B418F /* ParseClient.swift in Sources */ = {isa = PBXBuildFile; fileRef = A558593520E53D94004B418F /* ParseClient.swift */; };
		A57D02B920F5697F006223FF /* UdacityClient.swift in Sources */ = {isa = PBXBuildFile; fileRef = A57D02B820F5697F006223FF /* UdacityClient.swift */; };
		A57FD8AC20F68DF700F73748 /* TabBarItemsViewController.swift in Sources */ = {isa = PBXBuildFile; fileRef = A57FD8AB20F68DF700F73748 /* TabBarItemsViewController.swift */; };
		A59D7BF020E3C95600E2FB7B /* AppDelegate.swift in Sources */ = {isa = PBXBuildFile; fileRef = A59D7BEF20E3C95600E2FB7B /* AppDelegate.swift */; };
		A59D7BF220E3C95600E2FB7B /* LoginViewController.swift in Sources */ = {isa = PBXBuildFile; fileRef = A59D7BF120E3C95600E2FB7B /* LoginViewController.swift */; };
		A59D7BF520E3C95600E2FB7B /* Main.storyboard in Resources */ = {isa = PBXBuildFile; fileRef = A59D7BF320E3C95600E2FB7B /* Main.storyboard */; };
		A59D7BF720E3C95700E2FB7B /* Assets.xcassets in Resources */ = {isa = PBXBuildFile; fileRef = A59D7BF620E3C95700E2FB7B /* Assets.xcassets */; };
		A59D7BFA20E3C95700E2FB7B /* LaunchScreen.storyboard in Resources */ = {isa = PBXBuildFile; fileRef = A59D7BF820E3C95700E2FB7B /* LaunchScreen.storyboard */; };
		A5A874A620E3EC6A009971DF /* GCDBlackBox.swift in Sources */ = {isa = PBXBuildFile; fileRef = A5A874A520E3EC6A009971DF /* GCDBlackBox.swift */; };
		A5A874A820E3ED94009971DF /* Constants.swift in Sources */ = {isa = PBXBuildFile; fileRef = A5A874A720E3ED94009971DF /* Constants.swift */; };
		A5A874AC20E414AB009971DF /* MapViewController.swift in Sources */ = {isa = PBXBuildFile; fileRef = A5A874AB20E414AB009971DF /* MapViewController.swift */; };
		A5A874AE20E43437009971DF /* ListTableView.swift in Sources */ = {isa = PBXBuildFile; fileRef = A5A874AD20E43437009971DF /* ListTableView.swift */; };
		A5A874B020E43566009971DF /* LocationViewController.swift in Sources */ = {isa = PBXBuildFile; fileRef = A5A874AF20E43566009971DF /* LocationViewController.swift */; };
		A5A874B220E4393C009971DF /* LocationConfirmViewController.swift in Sources */ = {isa = PBXBuildFile; fileRef = A5A874B120E4393C009971DF /* LocationConfirmViewController.swift */; };
		A5C0D99920F3F83A0027B1AD /* StudentLocation.swift in Sources */ = {isa = PBXBuildFile; fileRef = A5C0D99820F3F83A0027B1AD /* StudentLocation.swift */; };
		A5D8692B20F95E7200E2B3C7 /* AlertController.swift in Sources */ = {isa = PBXBuildFile; fileRef = A5D8692A20F95E7200E2B3C7 /* AlertController.swift */; };
/* End PBXBuildFile section */

/* Begin PBXFileReference section */
		A558593520E53D94004B418F /* ParseClient.swift */ = {isa = PBXFileReference; lastKnownFileType = sourcecode.swift; path = ParseClient.swift; sourceTree = "<group>"; };
		A57D02B820F5697F006223FF /* UdacityClient.swift */ = {isa = PBXFileReference; lastKnownFileType = sourcecode.swift; path = UdacityClient.swift; sourceTree = "<group>"; };
		A57FD8AB20F68DF700F73748 /* TabBarItemsViewController.swift */ = {isa = PBXFileReference; lastKnownFileType = sourcecode.swift; path = TabBarItemsViewController.swift; sourceTree = "<group>"; };
		A59D7BEC20E3C95600E2FB7B /* OnTheMap.app */ = {isa = PBXFileReference; explicitFileType = wrapper.application; includeInIndex = 0; path = OnTheMap.app; sourceTree = BUILT_PRODUCTS_DIR; };
		A59D7BEF20E3C95600E2FB7B /* AppDelegate.swift */ = {isa = PBXFileReference; lastKnownFileType = sourcecode.swift; path = AppDelegate.swift; sourceTree = "<group>"; };
		A59D7BF120E3C95600E2FB7B /* LoginViewController.swift */ = {isa = PBXFileReference; lastKnownFileType = sourcecode.swift; path = LoginViewController.swift; sourceTree = "<group>"; };
		A59D7BF420E3C95600E2FB7B /* Base */ = {isa = PBXFileReference; lastKnownFileType = file.storyboard; name = Base; path = Base.lproj/Main.storyboard; sourceTree = "<group>"; };
		A59D7BF620E3C95700E2FB7B /* Assets.xcassets */ = {isa = PBXFileReference; lastKnownFileType = folder.assetcatalog; path = Assets.xcassets; sourceTree = "<group>"; };
		A59D7BF920E3C95700E2FB7B /* Base */ = {isa = PBXFileReference; lastKnownFileType = file.storyboard; name = Base; path = Base.lproj/LaunchScreen.storyboard; sourceTree = "<group>"; };
		A59D7BFB20E3C95700E2FB7B /* Info.plist */ = {isa = PBXFileReference; lastKnownFileType = text.plist.xml; path = Info.plist; sourceTree = "<group>"; };
		A5A874A520E3EC6A009971DF /* GCDBlackBox.swift */ = {isa = PBXFileReference; lastKnownFileType = sourcecode.swift; path = GCDBlackBox.swift; sourceTree = "<group>"; };
		A5A874A720E3ED94009971DF /* Constants.swift */ = {isa = PBXFileReference; lastKnownFileType = sourcecode.swift; path = Constants.swift; sourceTree = "<group>"; };
		A5A874AB20E414AB009971DF /* MapViewController.swift */ = {isa = PBXFileReference; lastKnownFileType = sourcecode.swift; path = MapViewController.swift; sourceTree = "<group>"; };
		A5A874AD20E43437009971DF /* ListTableView.swift */ = {isa = PBXFileReference; lastKnownFileType = sourcecode.swift; path = ListTableView.swift; sourceTree = "<group>"; };
		A5A874AF20E43566009971DF /* LocationViewController.swift */ = {isa = PBXFileReference; lastKnownFileType = sourcecode.swift; path = LocationViewController.swift; sourceTree = "<group>"; };
		A5A874B120E4393C009971DF /* LocationConfirmViewController.swift */ = {isa = PBXFileReference; lastKnownFileType = sourcecode.swift; path = LocationConfirmViewController.swift; sourceTree = "<group>"; };
		A5C0D99820F3F83A0027B1AD /* StudentLocation.swift */ = {isa = PBXFileReference; lastKnownFileType = sourcecode.swift; path = StudentLocation.swift; sourceTree = "<group>"; };
		A5D8692A20F95E7200E2B3C7 /* AlertController.swift */ = {isa = PBXFileReference; lastKnownFileType = sourcecode.swift; path = AlertController.swift; sourceTree = "<group>"; };
/* End PBXFileReference section */

/* Begin PBXFrameworksBuildPhase section */
		A59D7BE920E3C95600E2FB7B /* Frameworks */ = {
			isa = PBXFrameworksBuildPhase;
			buildActionMask = 2147483647;
			files = (
			);
			runOnlyForDeploymentPostprocessing = 0;
		};
/* End PBXFrameworksBuildPhase section */

/* Begin PBXGroup section */
		A59D7BE320E3C95600E2FB7B = {
			isa = PBXGroup;
			children = (
				A59D7BEE20E3C95600E2FB7B /* OnTheMap */,
				A59D7BED20E3C95600E2FB7B /* Products */,
			);
			sourceTree = "<group>";
		};
		A59D7BED20E3C95600E2FB7B /* Products */ = {
			isa = PBXGroup;
			children = (
				A59D7BEC20E3C95600E2FB7B /* OnTheMap.app */,
			);
			name = Products;
			sourceTree = "<group>";
		};
		A59D7BEE20E3C95600E2FB7B /* OnTheMap */ = {
			isa = PBXGroup;
			children = (
				A59D7BFB20E3C95700E2FB7B /* Info.plist */,
				A59D7BEF20E3C95600E2FB7B /* AppDelegate.swift */,
				A5A874A520E3EC6A009971DF /* GCDBlackBox.swift */,
				A5F31AF820E3CEDD00B00454 /* Model */,
				A5F31AF920E3CEF900B00454 /* View */,
				A5F31AFA20E3CF0000B00454 /* Controller */,
				A5F31AFB20E3CF6C00B00454 /* Assets */,
			);
			path = OnTheMap;
			sourceTree = "<group>";
		};
		A5F31AF820E3CEDD00B00454 /* Model */ = {
			isa = PBXGroup;
			children = (
				A5A874A720E3ED94009971DF /* Constants.swift */,
				A558593520E53D94004B418F /* ParseClient.swift */,
				A57D02B820F5697F006223FF /* UdacityClient.swift */,
				A5C0D99820F3F83A0027B1AD /* StudentLocation.swift */,
			);
			path = Model;
			sourceTree = "<group>";
		};
		A5F31AF920E3CEF900B00454 /* View */ = {
			isa = PBXGroup;
			children = (
			);
			path = View;
			sourceTree = "<group>";
		};
		A5F31AFA20E3CF0000B00454 /* Controller */ = {
			isa = PBXGroup;
			children = (
				A57FD8AB20F68DF700F73748 /* TabBarItemsViewController.swift */,
				A59D7BF120E3C95600E2FB7B /* LoginViewController.swift */,
				A5A874AB20E414AB009971DF /* MapViewController.swift */,
				A5A874AD20E43437009971DF /* ListTableView.swift */,
				A5A874AF20E43566009971DF /* LocationViewController.swift */,
				A5A874B120E4393C009971DF /* LocationConfirmViewController.swift */,
				A5D8692A20F95E7200E2B3C7 /* AlertController.swift */,
			);
			path = Controller;
			sourceTree = "<group>";
		};
		A5F31AFB20E3CF6C00B00454 /* Assets */ = {
			isa = PBXGroup;
			children = (
				A59D7BF320E3C95600E2FB7B /* Main.storyboard */,
				A59D7BF620E3C95700E2FB7B /* Assets.xcassets */,
				A59D7BF820E3C95700E2FB7B /* LaunchScreen.storyboard */,
			);
			path = Assets;
			sourceTree = "<group>";
		};
/* End PBXGroup section */

/* Begin PBXNativeTarget section */
		A59D7BEB20E3C95600E2FB7B /* OnTheMap */ = {
			isa = PBXNativeTarget;
			buildConfigurationList = A59D7BFE20E3C95700E2FB7B /* Build configuration list for PBXNativeTarget "OnTheMap" */;
			buildPhases = (
				A59D7BE820E3C95600E2FB7B /* Sources */,
				A59D7BE920E3C95600E2FB7B /* Frameworks */,
				A59D7BEA20E3C95600E2FB7B /* Resources */,
			);
			buildRules = (
			);
			dependencies = (
			);
			name = OnTheMap;
			productName = OnTheMap;
			productReference = A59D7BEC20E3C95600E2FB7B /* OnTheMap.app */;
			productType = "com.apple.product-type.application";
		};
/* End PBXNativeTarget section */

/* Begin PBXProject section */
		A59D7BE420E3C95600E2FB7B /* Project object */ = {
			isa = PBXProject;
			attributes = {
				LastSwiftUpdateCheck = 0940;
				LastUpgradeCheck = 0940;
				ORGANIZATIONNAME = "Developed by Gjoraas";
				TargetAttributes = {
					A59D7BEB20E3C95600E2FB7B = {
						CreatedOnToolsVersion = 9.4.1;
					};
				};
			};
			buildConfigurationList = A59D7BE720E3C95600E2FB7B /* Build configuration list for PBXProject "OnTheMap" */;
			compatibilityVersion = "Xcode 9.3";
			developmentRegion = en;
			hasScannedForEncodings = 0;
			knownRegions = (
				en,
				Base,
			);
			mainGroup = A59D7BE320E3C95600E2FB7B;
			productRefGroup = A59D7BED20E3C95600E2FB7B /* Products */;
			projectDirPath = "";
			projectRoot = "";
			targets = (
				A59D7BEB20E3C95600E2FB7B /* OnTheMap */,
			);
		};
/* End PBXProject section */

/* Begin PBXResourcesBuildPhase section */
		A59D7BEA20E3C95600E2FB7B /* Resources */ = {
			isa = PBXResourcesBuildPhase;
			buildActionMask = 2147483647;
			files = (
				A59D7BFA20E3C95700E2FB7B /* LaunchScreen.storyboard in Resources */,
				A59D7BF720E3C95700E2FB7B /* Assets.xcassets in Resources */,
				A59D7BF520E3C95600E2FB7B /* Main.storyboard in Resources */,
			);
			runOnlyForDeploymentPostprocessing = 0;
		};
/* End PBXResourcesBuildPhase section */

/* Begin PBXSourcesBuildPhase section */
		A59D7BE820E3C95600E2FB7B /* Sources */ = {
			isa = PBXSourcesBuildPhase;
			buildActionMask = 2147483647;
			files = (
				A5D8692B20F95E7200E2B3C7 /* AlertController.swift in Sources */,
				A5A874AE20E43437009971DF /* ListTableView.swift in Sources */,
				A5C0D99920F3F83A0027B1AD /* StudentLocation.swift in Sources */,
				A57FD8AC20F68DF700F73748 /* TabBarItemsViewController.swift in Sources */,
				A59D7BF220E3C95600E2FB7B /* LoginViewController.swift in Sources */,
				A57D02B920F5697F006223FF /* UdacityClient.swift in Sources */,
				A5A874A820E3ED94009971DF /* Constants.swift in Sources */,
				A5A874B220E4393C009971DF /* LocationConfirmViewController.swift in Sources */,
				A5A874A620E3EC6A009971DF /* GCDBlackBox.swift in Sources */,
				A5A874AC20E414AB009971DF /* MapViewController.swift in Sources */,
				A59D7BF020E3C95600E2FB7B /* AppDelegate.swift in Sources */,
				A558593620E53D94004B418F /* ParseClient.swift in Sources */,
				A5A874B020E43566009971DF /* LocationViewController.swift in Sources */,
			);
			runOnlyForDeploymentPostprocessing = 0;
		};
/* End PBXSourcesBuildPhase section */

/* Begin PBXVariantGroup section */
		A59D7BF320E3C95600E2FB7B /* Main.storyboard */ = {
			isa = PBXVariantGroup;
			children = (
				A59D7BF420E3C95600E2FB7B /* Base */,
			);
			name = Main.storyboard;
			sourceTree = "<group>";
		};
		A59D7BF820E3C95700E2FB7B /* LaunchScreen.storyboard */ = {
			isa = PBXVariantGroup;
			children = (
				A59D7BF920E3C95700E2FB7B /* Base */,
			);
			name = LaunchScreen.storyboard;
			sourceTree = "<group>";
		};
/* End PBXVariantGroup section */

/* Begin XCBuildConfiguration section */
		A59D7BFC20E3C95700E2FB7B /* Debug */ = {
			isa = XCBuildConfiguration;
			buildSettings = {
				ALWAYS_SEARCH_USER_PATHS = NO;
				CLANG_ANALYZER_NONNULL = YES;
				CLANG_ANALYZER_NUMBER_OBJECT_CONVERSION = YES_AGGRESSIVE;
				CLANG_CXX_LANGUAGE_STANDARD = "gnu++14";
				CLANG_CXX_LIBRARY = "libc++";
				CLANG_ENABLE_MODULES = YES;
				CLANG_ENABLE_OBJC_ARC = YES;
				CLANG_ENABLE_OBJC_WEAK = YES;
				CLANG_WARN_BLOCK_CAPTURE_AUTORELEASING = YES;
				CLANG_WARN_BOOL_CONVERSION = YES;
				CLANG_WARN_COMMA = YES;
				CLANG_WARN_CONSTANT_CONVERSION = YES;
				CLANG_WARN_DEPRECATED_OBJC_IMPLEMENTATIONS = YES;
				CLANG_WARN_DIRECT_OBJC_ISA_USAGE = YES_ERROR;
				CLANG_WARN_DOCUMENTATION_COMMENTS = YES;
				CLANG_WARN_EMPTY_BODY = YES;
				CLANG_WARN_ENUM_CONVERSION = YES;
				CLANG_WARN_INFINITE_RECURSION = YES;
				CLANG_WARN_INT_CONVERSION = YES;
				CLANG_WARN_NON_LITERAL_NULL_CONVERSION = YES;
				CLANG_WARN_OBJC_IMPLICIT_RETAIN_SELF = YES;
				CLANG_WARN_OBJC_LITERAL_CONVERSION = YES;
				CLANG_WARN_OBJC_ROOT_CLASS = YES_ERROR;
				CLANG_WARN_RANGE_LOOP_ANALYSIS = YES;
				CLANG_WARN_STRICT_PROTOTYPES = YES;
				CLANG_WARN_SUSPICIOUS_MOVE = YES;
				CLANG_WARN_UNGUARDED_AVAILABILITY = YES_AGGRESSIVE;
				CLANG_WARN_UNREACHABLE_CODE = YES;
				CLANG_WARN__DUPLICATE_METHOD_MATCH = YES;
				CODE_SIGN_IDENTITY = "iPhone Developer";
				COPY_PHASE_STRIP = NO;
				DEBUG_INFORMATION_FORMAT = dwarf;
				ENABLE_STRICT_OBJC_MSGSEND = YES;
				ENABLE_TESTABILITY = YES;
				GCC_C_LANGUAGE_STANDARD = gnu11;
				GCC_DYNAMIC_NO_PIC = NO;
				GCC_NO_COMMON_BLOCKS = YES;
				GCC_OPTIMIZATION_LEVEL = 0;
				GCC_PREPROCESSOR_DEFINITIONS = (
					"DEBUG=1",
					"$(inherited)",
				);
				GCC_WARN_64_TO_32_BIT_CONVERSION = YES;
				GCC_WARN_ABOUT_RETURN_TYPE = YES_ERROR;
				GCC_WARN_UNDECLARED_SELECTOR = YES;
				GCC_WARN_UNINITIALIZED_AUTOS = YES_AGGRESSIVE;
				GCC_WARN_UNUSED_FUNCTION = YES;
				GCC_WARN_UNUSED_VARIABLE = YES;
				IPHONEOS_DEPLOYMENT_TARGET = 11.4;
				MTL_ENABLE_DEBUG_INFO = YES;
				ONLY_ACTIVE_ARCH = YES;
				SDKROOT = iphoneos;
				SWIFT_ACTIVE_COMPILATION_CONDITIONS = DEBUG;
				SWIFT_OPTIMIZATION_LEVEL = "-Onone";
			};
			name = Debug;
		};
		A59D7BFD20E3C95700E2FB7B /* Release */ = {
			isa = XCBuildConfiguration;
			buildSettings = {
				ALWAYS_SEARCH_USER_PATHS = NO;
				CLANG_ANALYZER_NONNULL = YES;
				CLANG_ANALYZER_NUMBER_OBJECT_CONVERSION = YES_AGGRESSIVE;
				CLANG_CXX_LANGUAGE_STANDARD = "gnu++14";
				CLANG_CXX_LIBRARY = "libc++";
				CLANG_ENABLE_MODULES = YES;
				CLANG_ENABLE_OBJC_ARC = YES;
				CLANG_ENABLE_OBJC_WEAK = YES;
				CLANG_WARN_BLOCK_CAPTURE_AUTORELEASING = YES;
				CLANG_WARN_BOOL_CONVERSION = YES;
				CLANG_WARN_COMMA = YES;
				CLANG_WARN_CONSTANT_CONVERSION = YES;
				CLANG_WARN_DEPRECATED_OBJC_IMPLEMENTATIONS = YES;
				CLANG_WARN_DIRECT_OBJC_ISA_USAGE = YES_ERROR;
				CLANG_WARN_DOCUMENTATION_COMMENTS = YES;
				CLANG_WARN_EMPTY_BODY = YES;
				CLANG_WARN_ENUM_CONVERSION = YES;
				CLANG_WARN_INFINITE_RECURSION = YES;
				CLANG_WARN_INT_CONVERSION = YES;
				CLANG_WARN_NON_LITERAL_NULL_CONVERSION = YES;
				CLANG_WARN_OBJC_IMPLICIT_RETAIN_SELF = YES;
				CLANG_WARN_OBJC_LITERAL_CONVERSION = YES;
				CLANG_WARN_OBJC_ROOT_CLASS = YES_ERROR;
				CLANG_WARN_RANGE_LOOP_ANALYSIS = YES;
				CLANG_WARN_STRICT_PROTOTYPES = YES;
				CLANG_WARN_SUSPICIOUS_MOVE = YES;
				CLANG_WARN_UNGUARDED_AVAILABILITY = YES_AGGRESSIVE;
				CLANG_WARN_UNREACHABLE_CODE = YES;
				CLANG_WARN__DUPLICATE_METHOD_MATCH = YES;
				CODE_SIGN_IDENTITY = "iPhone Developer";
				COPY_PHASE_STRIP = NO;
				DEBUG_INFORMATION_FORMAT = "dwarf-with-dsym";
				ENABLE_NS_ASSERTIONS = NO;
				ENABLE_STRICT_OBJC_MSGSEND = YES;
				GCC_C_LANGUAGE_STANDARD = gnu11;
				GCC_NO_COMMON_BLOCKS = YES;
				GCC_WARN_64_TO_32_BIT_CONVERSION = YES;
				GCC_WARN_ABOUT_RETURN_TYPE = YES_ERROR;
				GCC_WARN_UNDECLARED_SELECTOR = YES;
				GCC_WARN_UNINITIALIZED_AUTOS = YES_AGGRESSIVE;
				GCC_WARN_UNUSED_FUNCTION = YES;
				GCC_WARN_UNUSED_VARIABLE = YES;
				IPHONEOS_DEPLOYMENT_TARGET = 11.4;
				MTL_ENABLE_DEBUG_INFO = NO;
				SDKROOT = iphoneos;
				SWIFT_COMPILATION_MODE = wholemodule;
				SWIFT_OPTIMIZATION_LEVEL = "-O";
				VALIDATE_PRODUCT = YES;
			};
			name = Release;
		};
		A59D7BFF20E3C95700E2FB7B /* Debug */ = {
			isa = XCBuildConfiguration;
			buildSettings = {
				ASSETCATALOG_COMPILER_APPICON_NAME = AppIcon;
				CODE_SIGN_STYLE = Automatic;
				DEVELOPMENT_TEAM = 5HU4BX39M6;
				INFOPLIST_FILE = OnTheMap/Info.plist;
				LD_RUNPATH_SEARCH_PATHS = (
					"$(inherited)",
					"@executable_path/Frameworks",
				);
				PRODUCT_BUNDLE_IDENTIFIER = com.developedbygjoraas.OnTheMap;
				PRODUCT_NAME = "$(TARGET_NAME)";
				SWIFT_VERSION = 4.0;
				TARGETED_DEVICE_FAMILY = "1,2";
			};
			name = Debug;
		};
		A59D7C0020E3C95700E2FB7B /* Release */ = {
			isa = XCBuildConfiguration;
			buildSettings = {
				ASSETCATALOG_COMPILER_APPICON_NAME = AppIcon;
				CODE_SIGN_STYLE = Automatic;
				DEVELOPMENT_TEAM = 5HU4BX39M6;
				INFOPLIST_FILE = OnTheMap/Info.plist;
				LD_RUNPATH_SEARCH_PATHS = (
					"$(inherited)",
					"@executable_path/Frameworks",
				);
				PRODUCT_BUNDLE_IDENTIFIER = com.developedbygjoraas.OnTheMap;
				PRODUCT_NAME = "$(TARGET_NAME)";
				SWIFT_VERSION = 4.0;
				TARGETED_DEVICE_FAMILY = "1,2";
			};
			name = Release;
		};
/* End XCBuildConfiguration section */

/* Begin XCConfigurationList section */
		A59D7BE720E3C95600E2FB7B /* Build configuration list for PBXProject "OnTheMap" */ = {
			isa = XCConfigurationList;
			buildConfigurations = (
				A59D7BFC20E3C95700E2FB7B /* Debug */,
				A59D7BFD20E3C95700E2FB7B /* Release */,
			);
			defaultConfigurationIsVisible = 0;
			defaultConfigurationName = Release;
		};
		A59D7BFE20E3C95700E2FB7B /* Build configuration list for PBXNativeTarget "OnTheMap" */ = {
			isa = XCConfigurationList;
			buildConfigurations = (
				A59D7BFF20E3C95700E2FB7B /* Debug */,
				A59D7C0020E3C95700E2FB7B /* Release */,
			);
			defaultConfigurationIsVisible = 0;
			defaultConfigurationName = Release;
		};
/* End XCConfigurationList section */
	};
	rootObject = A59D7BE420E3C95600E2FB7B /* Project object */;
}
